
Microsoft Visual Studio Solution File, Format Version 12.00
Project("{2150E333-8FDC-42A3-9474-1A3956D46DE8}") = "src", "src", "{404A62F3-D4A3-473A-8B31-AB7309D837A5}"
EndProject
Project("{2150E333-8FDC-42A3-9474-1A3956D46DE8}") = "test", "test", "{C70E57E7-EFAF-44FD-8A14-F3595DC16B12}"
EndProject
Project("{FAE04EC0-301F-11D3-BF4B-00C04F79EFBC}") = "Todo.Api", "src\Todo.Api\Todo.Api.csproj", "{DF113CB6-80CD-4F54-AE6D-B0610AAABE3B}"
EndProject
Project("{FAE04EC0-301F-11D3-BF4B-00C04F79EFBC}") = "Todo.Cli", "src\Todo.Cli\Todo.Cli.csproj", "{D8EB7E55-4DC3-4A4C-80EB-3CA47C988DCA}"
EndProject
Project("{FAE04EC0-301F-11D3-BF4B-00C04F79EFBC}") = "Todo.Api.Tests", "test\Todo.Api.Tests\Todo.Api.Tests.csproj", "{9CC48E0D-284D-497C-818D-15B815FB1FFC}"
EndProject
Project("{2150E333-8FDC-42A3-9474-1A3956D46DE8}") = "Solution Items", "Solution Items", "{C365BE7F-CB10-47E8-917A-D9C1D9147D20}"
	ProjectSection(SolutionItems) = preProject
		docker-compose.yml = docker-compose.yml
	EndProjectSection
EndProject
Project("{FAE04EC0-301F-11D3-BF4B-00C04F79EFBC}") = "Todo.Api.Seeder", "src\Todo.Api.Seeder\Todo.Api.Seeder.csproj", "{99995382-8AC2-45C0-AC86-0747AC09EA50}"
EndProject
Project("{FAE04EC0-301F-11D3-BF4B-00C04F79EFBC}") = "Todo.Api.Sdk", "src\Todo.Api.Sdk\Todo.Api.Sdk.csproj", "{D180CA8F-B973-4EF4-AA56-D6BD2026F65D}"
EndProject
Project("{FAE04EC0-301F-11D3-BF4B-00C04F79EFBC}") = "Todo.Api.Seeder", "src\Todo.Api.Seeder\Todo.Api.Seeder.csproj", "{99995382-8AC2-45C0-AC86-0747AC09EA50}"
EndProject
Global
	GlobalSection(SolutionConfigurationPlatforms) = preSolution
		Debug|Any CPU = Debug|Any CPU
		Release|Any CPU = Release|Any CPU
	EndGlobalSection
	GlobalSection(ProjectConfigurationPlatforms) = postSolution
		{DF113CB6-80CD-4F54-AE6D-B0610AAABE3B}.Debug|Any CPU.ActiveCfg = Debug|Any CPU
		{DF113CB6-80CD-4F54-AE6D-B0610AAABE3B}.Debug|Any CPU.Build.0 = Debug|Any CPU
		{DF113CB6-80CD-4F54-AE6D-B0610AAABE3B}.Release|Any CPU.ActiveCfg = Release|Any CPU
		{DF113CB6-80CD-4F54-AE6D-B0610AAABE3B}.Release|Any CPU.Build.0 = Release|Any CPU
		{D8EB7E55-4DC3-4A4C-80EB-3CA47C988DCA}.Debug|Any CPU.ActiveCfg = Debug|Any CPU
		{D8EB7E55-4DC3-4A4C-80EB-3CA47C988DCA}.Debug|Any CPU.Build.0 = Debug|Any CPU
		{D8EB7E55-4DC3-4A4C-80EB-3CA47C988DCA}.Release|Any CPU.ActiveCfg = Release|Any CPU
		{D8EB7E55-4DC3-4A4C-80EB-3CA47C988DCA}.Release|Any CPU.Build.0 = Release|Any CPU
		{9CC48E0D-284D-497C-818D-15B815FB1FFC}.Debug|Any CPU.ActiveCfg = Debug|Any CPU
		{9CC48E0D-284D-497C-818D-15B815FB1FFC}.Debug|Any CPU.Build.0 = Debug|Any CPU
		{9CC48E0D-284D-497C-818D-15B815FB1FFC}.Release|Any CPU.ActiveCfg = Release|Any CPU
		{9CC48E0D-284D-497C-818D-15B815FB1FFC}.Release|Any CPU.Build.0 = Release|Any CPU
		{99995382-8AC2-45C0-AC86-0747AC09EA50}.Debug|Any CPU.ActiveCfg = Debug|Any CPU
		{99995382-8AC2-45C0-AC86-0747AC09EA50}.Debug|Any CPU.Build.0 = Debug|Any CPU
		{99995382-8AC2-45C0-AC86-0747AC09EA50}.Release|Any CPU.ActiveCfg = Release|Any CPU
		{99995382-8AC2-45C0-AC86-0747AC09EA50}.Release|Any CPU.Build.0 = Release|Any CPU
		{D180CA8F-B973-4EF4-AA56-D6BD2026F65D}.Debug|Any CPU.ActiveCfg = Debug|Any CPU
		{D180CA8F-B973-4EF4-AA56-D6BD2026F65D}.Debug|Any CPU.Build.0 = Debug|Any CPU
		{D180CA8F-B973-4EF4-AA56-D6BD2026F65D}.Release|Any CPU.ActiveCfg = Release|Any CPU
		{D180CA8F-B973-4EF4-AA56-D6BD2026F65D}.Release|Any CPU.Build.0 = Release|Any CPU
	EndGlobalSection
	GlobalSection(NestedProjects) = preSolution
		{DF113CB6-80CD-4F54-AE6D-B0610AAABE3B} = {404A62F3-D4A3-473A-8B31-AB7309D837A5}
		{D8EB7E55-4DC3-4A4C-80EB-3CA47C988DCA} = {404A62F3-D4A3-473A-8B31-AB7309D837A5}
		{9CC48E0D-284D-497C-818D-15B815FB1FFC} = {C70E57E7-EFAF-44FD-8A14-F3595DC16B12}
		{99995382-8AC2-45C0-AC86-0747AC09EA50} = {404A62F3-D4A3-473A-8B31-AB7309D837A5}
		{D180CA8F-B973-4EF4-AA56-D6BD2026F65D} = {404A62F3-D4A3-473A-8B31-AB7309D837A5}
	EndGlobalSection
EndGlobal
