
Microsoft Visual Studio Solution File, Format Version 12.00
Project("{FAE04EC0-301F-11D3-BF4B-00C04F79EFBC}") = "Todo.Cli", "Todo.Cli\Todo.Cli.csproj", "{7EEE1CE4-0497-4F82-98D0-9E075D3E970B}"
EndProject
Project("{FAE04EC0-301F-11D3-BF4B-00C04F79EFBC}") = "test", "test\test.csproj", "{4C438475-30C4-4CF1-80B2-94BB93B95627}"
EndProject
Project("{FAE04EC0-301F-11D3-BF4B-00C04F79EFBC}") = "Todo.API", "Todo.API\Todo.API.csproj", "{9BEE5419-E571-4A4D-AC74-EDE60A61CF1A}"
EndProject
Global
	GlobalSection(SolutionConfigurationPlatforms) = preSolution
		Debug|Any CPU = Debug|Any CPU
		Release|Any CPU = Release|Any CPU
	EndGlobalSection
	GlobalSection(ProjectConfigurationPlatforms) = postSolution
		{7EEE1CE4-0497-4F82-98D0-9E075D3E970B}.Debug|Any CPU.ActiveCfg = Debug|Any CPU
		{7EEE1CE4-0497-4F82-98D0-9E075D3E970B}.Debug|Any CPU.Build.0 = Debug|Any CPU
		{7EEE1CE4-0497-4F82-98D0-9E075D3E970B}.Release|Any CPU.ActiveCfg = Release|Any CPU
		{7EEE1CE4-0497-4F82-98D0-9E075D3E970B}.Release|Any CPU.Build.0 = Release|Any CPU
		{4C438475-30C4-4CF1-80B2-94BB93B95627}.Debug|Any CPU.ActiveCfg = Debug|Any CPU
		{4C438475-30C4-4CF1-80B2-94BB93B95627}.Debug|Any CPU.Build.0 = Debug|Any CPU
		{4C438475-30C4-4CF1-80B2-94BB93B95627}.Release|Any CPU.ActiveCfg = Release|Any CPU
		{4C438475-30C4-4CF1-80B2-94BB93B95627}.Release|Any CPU.Build.0 = Release|Any CPU
		{9BEE5419-E571-4A4D-AC74-EDE60A61CF1A}.Debug|Any CPU.ActiveCfg = Debug|Any CPU
		{9BEE5419-E571-4A4D-AC74-EDE60A61CF1A}.Debug|Any CPU.Build.0 = Debug|Any CPU
		{9BEE5419-E571-4A4D-AC74-EDE60A61CF1A}.Release|Any CPU.ActiveCfg = Release|Any CPU
		{9BEE5419-E571-4A4D-AC74-EDE60A61CF1A}.Release|Any CPU.Build.0 = Release|Any CPU
	EndGlobalSection
EndGlobal
